
Microsoft Visual Studio Solution File, Format Version 12.00
# Visual Studio 2012
Project("{FAE04EC0-301F-11D3-BF4B-00C04F79EFBC}") = "Inceptum.AppServer", "Inceptum.AppServer\Inceptum.AppServer.csproj", "{359FCF49-1498-4FDC-A212-E69522FBCCBF}"
EndProject
Project("{FAE04EC0-301F-11D3-BF4B-00C04F79EFBC}") = "Inceptum.AppServer.Configuration", "Inceptum.AppServer.Configuration\Inceptum.AppServer.Configuration.csproj", "{CDA6F8B1-546B-4D98-8B09-8297DB3CAD9F}"
EndProject
Project("{FAE04EC0-301F-11D3-BF4B-00C04F79EFBC}") = "Inceptum.AppServer.Sdk", "Inceptum.AppServer.Sdk\Inceptum.AppServer.Sdk.csproj", "{CAFF34B8-90CD-46D6-BCE8-C7B275473346}"
EndProject
Project("{FAE04EC0-301F-11D3-BF4B-00C04F79EFBC}") = "Inceptum.AppServer.Tests", "Inceptum.AppServer.Tests\Inceptum.AppServer.Tests.csproj", "{36FEFEBB-7E64-4539-8F4D-3FF44ADF92BC}"
EndProject
Project("{2150E333-8FDC-42A3-9474-1A3956D46DE8}") = "Solution Items", "Solution Items", "{A9C033DF-3BCF-47B5-8419-82332569A40A}"
	ProjectSection(SolutionItems) = preProject
		SolutionInfo.cs = SolutionInfo.cs
		VersionInfo.cs = VersionInfo.cs
	EndProjectSection
EndProject
Project("{FAE04EC0-301F-11D3-BF4B-00C04F79EFBC}") = "Inceptum.AppServer.AppHost", "Inceptum.AppServer.AppHost\Inceptum.AppServer.AppHost.csproj", "{D9E93ACD-AE23-423D-A48A-81A7AA2DDC0A}"
EndProject
Project("{FAE04EC0-301F-11D3-BF4B-00C04F79EFBC}") = "Inceptum.AppServer.Sdk.Messaging", "Inceptum.AppServer.Sdk.Messaging\Inceptum.AppServer.Sdk.Messaging.csproj", "{26B38FA9-81F0-458D-B9C8-24D3B2470A79}"
EndProject
Project("{FAE04EC0-301F-11D3-BF4B-00C04F79EFBC}") = "Inceptum.AppServer.TestApp", "Inceptum.AppServer.TestApp\Inceptum.AppServer.TestApp.csproj", "{BCCC2E49-7710-44AA-A76E-7C7850692573}"
EndProject
Project("{FAE04EC0-301F-11D3-BF4B-00C04F79EFBC}") = "Inceptum.AppServer.Sdk.Cqrs", "Inceptum.AppServer.Sdk.Cqrs\Inceptum.AppServer.Sdk.Cqrs.csproj", "{1A0CEC2E-2500-443F-BE9D-ADC623BBB99D}"
EndProject
Global
	GlobalSection(SolutionConfigurationPlatforms) = preSolution
		Debug|Any CPU = Debug|Any CPU
		Debug|Itanium = Debug|Itanium
		Debug|Mixed Platforms = Debug|Mixed Platforms
		Debug|x86 = Debug|x86
		Release|Any CPU = Release|Any CPU
		Release|Itanium = Release|Itanium
		Release|Mixed Platforms = Release|Mixed Platforms
		Release|x86 = Release|x86
	EndGlobalSection
	GlobalSection(ProjectConfigurationPlatforms) = postSolution
		{359FCF49-1498-4FDC-A212-E69522FBCCBF}.Debug|Any CPU.ActiveCfg = Debug|Any CPU
		{359FCF49-1498-4FDC-A212-E69522FBCCBF}.Debug|Any CPU.Build.0 = Debug|Any CPU
		{359FCF49-1498-4FDC-A212-E69522FBCCBF}.Debug|Itanium.ActiveCfg = Debug|x86
		{359FCF49-1498-4FDC-A212-E69522FBCCBF}.Debug|Mixed Platforms.ActiveCfg = Debug|Any CPU
		{359FCF49-1498-4FDC-A212-E69522FBCCBF}.Debug|Mixed Platforms.Build.0 = Debug|Any CPU
		{359FCF49-1498-4FDC-A212-E69522FBCCBF}.Debug|x86.ActiveCfg = Debug|x86
		{359FCF49-1498-4FDC-A212-E69522FBCCBF}.Debug|x86.Build.0 = Debug|x86
		{359FCF49-1498-4FDC-A212-E69522FBCCBF}.Release|Any CPU.ActiveCfg = Release|Any CPU
		{359FCF49-1498-4FDC-A212-E69522FBCCBF}.Release|Any CPU.Build.0 = Release|Any CPU
		{359FCF49-1498-4FDC-A212-E69522FBCCBF}.Release|Itanium.ActiveCfg = Release|Any CPU
		{359FCF49-1498-4FDC-A212-E69522FBCCBF}.Release|Mixed Platforms.ActiveCfg = Release|x86
		{359FCF49-1498-4FDC-A212-E69522FBCCBF}.Release|Mixed Platforms.Build.0 = Release|x86
		{359FCF49-1498-4FDC-A212-E69522FBCCBF}.Release|x86.ActiveCfg = Release|x86
		{359FCF49-1498-4FDC-A212-E69522FBCCBF}.Release|x86.Build.0 = Release|x86
		{CDA6F8B1-546B-4D98-8B09-8297DB3CAD9F}.Debug|Any CPU.ActiveCfg = Debug|Any CPU
		{CDA6F8B1-546B-4D98-8B09-8297DB3CAD9F}.Debug|Any CPU.Build.0 = Debug|Any CPU
		{CDA6F8B1-546B-4D98-8B09-8297DB3CAD9F}.Debug|Itanium.ActiveCfg = Debug|Any CPU
		{CDA6F8B1-546B-4D98-8B09-8297DB3CAD9F}.Debug|Mixed Platforms.ActiveCfg = Debug|Any CPU
		{CDA6F8B1-546B-4D98-8B09-8297DB3CAD9F}.Debug|Mixed Platforms.Build.0 = Debug|Any CPU
		{CDA6F8B1-546B-4D98-8B09-8297DB3CAD9F}.Debug|x86.ActiveCfg = Debug|Any CPU
		{CDA6F8B1-546B-4D98-8B09-8297DB3CAD9F}.Release|Any CPU.ActiveCfg = Release|Any CPU
		{CDA6F8B1-546B-4D98-8B09-8297DB3CAD9F}.Release|Any CPU.Build.0 = Release|Any CPU
		{CDA6F8B1-546B-4D98-8B09-8297DB3CAD9F}.Release|Itanium.ActiveCfg = Release|Any CPU
		{CDA6F8B1-546B-4D98-8B09-8297DB3CAD9F}.Release|Mixed Platforms.ActiveCfg = Release|Any CPU
		{CDA6F8B1-546B-4D98-8B09-8297DB3CAD9F}.Release|Mixed Platforms.Build.0 = Release|Any CPU
		{CDA6F8B1-546B-4D98-8B09-8297DB3CAD9F}.Release|x86.ActiveCfg = Release|Any CPU
		{CAFF34B8-90CD-46D6-BCE8-C7B275473346}.Debug|Any CPU.ActiveCfg = Debug|Any CPU
		{CAFF34B8-90CD-46D6-BCE8-C7B275473346}.Debug|Any CPU.Build.0 = Debug|Any CPU
		{CAFF34B8-90CD-46D6-BCE8-C7B275473346}.Debug|Itanium.ActiveCfg = Debug|Any CPU
		{CAFF34B8-90CD-46D6-BCE8-C7B275473346}.Debug|Mixed Platforms.ActiveCfg = Debug|Any CPU
		{CAFF34B8-90CD-46D6-BCE8-C7B275473346}.Debug|Mixed Platforms.Build.0 = Debug|Any CPU
		{CAFF34B8-90CD-46D6-BCE8-C7B275473346}.Debug|x86.ActiveCfg = Debug|Any CPU
		{CAFF34B8-90CD-46D6-BCE8-C7B275473346}.Release|Any CPU.ActiveCfg = Release|Any CPU
		{CAFF34B8-90CD-46D6-BCE8-C7B275473346}.Release|Any CPU.Build.0 = Release|Any CPU
		{CAFF34B8-90CD-46D6-BCE8-C7B275473346}.Release|Itanium.ActiveCfg = Release|Any CPU
		{CAFF34B8-90CD-46D6-BCE8-C7B275473346}.Release|Mixed Platforms.ActiveCfg = Release|Any CPU
		{CAFF34B8-90CD-46D6-BCE8-C7B275473346}.Release|Mixed Platforms.Build.0 = Release|Any CPU
		{CAFF34B8-90CD-46D6-BCE8-C7B275473346}.Release|x86.ActiveCfg = Release|Any CPU
		{36FEFEBB-7E64-4539-8F4D-3FF44ADF92BC}.Debug|Any CPU.ActiveCfg = Debug|Any CPU
		{36FEFEBB-7E64-4539-8F4D-3FF44ADF92BC}.Debug|Any CPU.Build.0 = Debug|Any CPU
		{36FEFEBB-7E64-4539-8F4D-3FF44ADF92BC}.Debug|Itanium.ActiveCfg = Debug|Any CPU
		{36FEFEBB-7E64-4539-8F4D-3FF44ADF92BC}.Debug|Itanium.Build.0 = Debug|Any CPU
		{36FEFEBB-7E64-4539-8F4D-3FF44ADF92BC}.Debug|Mixed Platforms.ActiveCfg = Debug|Any CPU
		{36FEFEBB-7E64-4539-8F4D-3FF44ADF92BC}.Debug|Mixed Platforms.Build.0 = Debug|Any CPU
		{36FEFEBB-7E64-4539-8F4D-3FF44ADF92BC}.Debug|x86.ActiveCfg = Debug|Any CPU
		{36FEFEBB-7E64-4539-8F4D-3FF44ADF92BC}.Release|Any CPU.ActiveCfg = Release|Any CPU
		{36FEFEBB-7E64-4539-8F4D-3FF44ADF92BC}.Release|Any CPU.Build.0 = Release|Any CPU
		{36FEFEBB-7E64-4539-8F4D-3FF44ADF92BC}.Release|Itanium.ActiveCfg = Release|Any CPU
		{36FEFEBB-7E64-4539-8F4D-3FF44ADF92BC}.Release|Mixed Platforms.ActiveCfg = Release|Any CPU
		{36FEFEBB-7E64-4539-8F4D-3FF44ADF92BC}.Release|Mixed Platforms.Build.0 = Release|Any CPU
		{36FEFEBB-7E64-4539-8F4D-3FF44ADF92BC}.Release|x86.ActiveCfg = Release|Any CPU
		{D9E93ACD-AE23-423D-A48A-81A7AA2DDC0A}.Debug|Any CPU.ActiveCfg = Debug|Any CPU
		{D9E93ACD-AE23-423D-A48A-81A7AA2DDC0A}.Debug|Any CPU.Build.0 = Debug|Any CPU
		{D9E93ACD-AE23-423D-A48A-81A7AA2DDC0A}.Debug|Itanium.ActiveCfg = Debug|Any CPU
		{D9E93ACD-AE23-423D-A48A-81A7AA2DDC0A}.Debug|Mixed Platforms.ActiveCfg = Debug|Any CPU
		{D9E93ACD-AE23-423D-A48A-81A7AA2DDC0A}.Debug|Mixed Platforms.Build.0 = Debug|Any CPU
		{D9E93ACD-AE23-423D-A48A-81A7AA2DDC0A}.Debug|x86.ActiveCfg = Debug|Any CPU
		{D9E93ACD-AE23-423D-A48A-81A7AA2DDC0A}.Release|Any CPU.ActiveCfg = Release|Any CPU
		{D9E93ACD-AE23-423D-A48A-81A7AA2DDC0A}.Release|Any CPU.Build.0 = Release|Any CPU
		{D9E93ACD-AE23-423D-A48A-81A7AA2DDC0A}.Release|Itanium.ActiveCfg = Release|Any CPU
		{D9E93ACD-AE23-423D-A48A-81A7AA2DDC0A}.Release|Mixed Platforms.ActiveCfg = Release|Any CPU
		{D9E93ACD-AE23-423D-A48A-81A7AA2DDC0A}.Release|Mixed Platforms.Build.0 = Release|Any CPU
		{D9E93ACD-AE23-423D-A48A-81A7AA2DDC0A}.Release|x86.ActiveCfg = Release|Any CPU
		{26B38FA9-81F0-458D-B9C8-24D3B2470A79}.Debug|Any CPU.ActiveCfg = Debug|Any CPU
		{26B38FA9-81F0-458D-B9C8-24D3B2470A79}.Debug|Any CPU.Build.0 = Debug|Any CPU
		{26B38FA9-81F0-458D-B9C8-24D3B2470A79}.Debug|Itanium.ActiveCfg = Debug|Any CPU
		{26B38FA9-81F0-458D-B9C8-24D3B2470A79}.Debug|Mixed Platforms.ActiveCfg = Debug|Any CPU
		{26B38FA9-81F0-458D-B9C8-24D3B2470A79}.Debug|Mixed Platforms.Build.0 = Debug|Any CPU
		{26B38FA9-81F0-458D-B9C8-24D3B2470A79}.Debug|x86.ActiveCfg = Debug|Any CPU
		{26B38FA9-81F0-458D-B9C8-24D3B2470A79}.Release|Any CPU.ActiveCfg = Release|Any CPU
		{26B38FA9-81F0-458D-B9C8-24D3B2470A79}.Release|Any CPU.Build.0 = Release|Any CPU
		{26B38FA9-81F0-458D-B9C8-24D3B2470A79}.Release|Itanium.ActiveCfg = Release|Any CPU
		{26B38FA9-81F0-458D-B9C8-24D3B2470A79}.Release|Mixed Platforms.ActiveCfg = Release|Any CPU
		{26B38FA9-81F0-458D-B9C8-24D3B2470A79}.Release|Mixed Platforms.Build.0 = Release|Any CPU
		{26B38FA9-81F0-458D-B9C8-24D3B2470A79}.Release|x86.ActiveCfg = Release|Any CPU
		{BCCC2E49-7710-44AA-A76E-7C7850692573}.Debug|Any CPU.ActiveCfg = Debug|Any CPU
		{BCCC2E49-7710-44AA-A76E-7C7850692573}.Debug|Any CPU.Build.0 = Debug|Any CPU
		{BCCC2E49-7710-44AA-A76E-7C7850692573}.Debug|Itanium.ActiveCfg = Debug|Any CPU
		{BCCC2E49-7710-44AA-A76E-7C7850692573}.Debug|Mixed Platforms.ActiveCfg = Debug|Any CPU
		{BCCC2E49-7710-44AA-A76E-7C7850692573}.Debug|Mixed Platforms.Build.0 = Debug|Any CPU
		{BCCC2E49-7710-44AA-A76E-7C7850692573}.Debug|x86.ActiveCfg = Debug|Any CPU
		{BCCC2E49-7710-44AA-A76E-7C7850692573}.Release|Any CPU.ActiveCfg = Release|Any CPU
		{BCCC2E49-7710-44AA-A76E-7C7850692573}.Release|Any CPU.Build.0 = Release|Any CPU
		{BCCC2E49-7710-44AA-A76E-7C7850692573}.Release|Itanium.ActiveCfg = Release|Any CPU
		{BCCC2E49-7710-44AA-A76E-7C7850692573}.Release|Mixed Platforms.ActiveCfg = Release|Any CPU
		{BCCC2E49-7710-44AA-A76E-7C7850692573}.Release|Mixed Platforms.Build.0 = Release|Any CPU
		{BCCC2E49-7710-44AA-A76E-7C7850692573}.Release|x86.ActiveCfg = Release|Any CPU
		{1A0CEC2E-2500-443F-BE9D-ADC623BBB99D}.Debug|Any CPU.ActiveCfg = Debug|Any CPU
		{1A0CEC2E-2500-443F-BE9D-ADC623BBB99D}.Debug|Any CPU.Build.0 = Debug|Any CPU
		{1A0CEC2E-2500-443F-BE9D-ADC623BBB99D}.Debug|Itanium.ActiveCfg = Debug|Any CPU
		{1A0CEC2E-2500-443F-BE9D-ADC623BBB99D}.Debug|Mixed Platforms.ActiveCfg = Debug|Any CPU
		{1A0CEC2E-2500-443F-BE9D-ADC623BBB99D}.Debug|Mixed Platforms.Build.0 = Debug|Any CPU
		{1A0CEC2E-2500-443F-BE9D-ADC623BBB99D}.Debug|x86.ActiveCfg = Debug|Any CPU
		{1A0CEC2E-2500-443F-BE9D-ADC623BBB99D}.Release|Any CPU.ActiveCfg = Release|Any CPU
		{1A0CEC2E-2500-443F-BE9D-ADC623BBB99D}.Release|Any CPU.Build.0 = Release|Any CPU
		{1A0CEC2E-2500-443F-BE9D-ADC623BBB99D}.Release|Itanium.ActiveCfg = Release|Any CPU
		{1A0CEC2E-2500-443F-BE9D-ADC623BBB99D}.Release|Mixed Platforms.ActiveCfg = Release|Any CPU
		{1A0CEC2E-2500-443F-BE9D-ADC623BBB99D}.Release|Mixed Platforms.Build.0 = Release|Any CPU
		{1A0CEC2E-2500-443F-BE9D-ADC623BBB99D}.Release|x86.ActiveCfg = Release|Any CPU
	EndGlobalSection
	GlobalSection(SolutionProperties) = preSolution
		HideSolutionNode = FALSE
	EndGlobalSection
EndGlobal
