
Microsoft Visual Studio Solution File, Format Version 11.00
# Visual Studio 2010
Project("{FAE04EC0-301F-11D3-BF4B-00C04F79EFBC}") = "Inceptum.AppServer.TestApp", "Inceptum.AppServer.TestApp\Inceptum.AppServer.TestApp.csproj", "{BCCC2E49-7710-44AA-A76E-7C7850692573}"
EndProject
Global
	GlobalSection(SolutionConfigurationPlatforms) = preSolution
		Debug|Any CPU = Debug|Any CPU
		Release|Any CPU = Release|Any CPU
	EndGlobalSection
	GlobalSection(ProjectConfigurationPlatforms) = postSolution
		{BCCC2E49-7710-44AA-A76E-7C7850692573}.Debug|Any CPU.ActiveCfg = Debug|Any CPU
		{BCCC2E49-7710-44AA-A76E-7C7850692573}.Debug|Any CPU.Build.0 = Debug|Any CPU
		{BCCC2E49-7710-44AA-A76E-7C7850692573}.Release|Any CPU.ActiveCfg = Release|Any CPU
		{BCCC2E49-7710-44AA-A76E-7C7850692573}.Release|Any CPU.Build.0 = Release|Any CPU
	EndGlobalSection
	GlobalSection(SolutionProperties) = preSolution
		HideSolutionNode = FALSE
	EndGlobalSection
	GlobalSection(ExtensibilityAddIns) = postSolution
		OpenWrap.VisualStudioIntegration2010 = 1;Ensures OpenWrap initialization when a solution is opened.;OpenWrap Visual Studio Solution Add-in
	EndGlobalSection
EndGlobal
